{
  "name": "bpmn-layout-tool",
  "version": "1.0.0",
  "lockfileVersion": 3,
  "requires": true,
  "packages": {
    "": {
      "name": "bpmn-layout-tool",
      "version": "1.0.0",
      "dependencies": {
        "bpmn-auto-layout": "^0.5.0",
        "bpmn-js": "^17.0.0",
        "bpmn-moddle": "^8.0.0",
        "diagram-js": "^14.0.0",
        "fs-extra": "^11.1.1",
        "glob": "^10.3.10"
      },
      "engines": {
        "node": ">=16.0.0"
      }
    },
    "node_modules/@bpmn-io/diagram-js-ui": {
      "version": "0.2.3",
      "resolved": "https://jfrog-pkg-proxy.it.att.com/artifactory/api/npm/att-npm-proxy-group/@bpmn-io/diagram-js-ui/-/diagram-js-ui-0.2.3.tgz",
      "integrity": "sha512-OGyjZKvGK8tHSZ0l7RfeKhilGoOGtFDcoqSGYkX0uhFlo99OVZ9Jn1K7TJGzcE9BdKwvA5Y5kGqHEhdTxHvFfw==",
      "license": "MIT",
      "dependencies": {
        "htm": "^3.1.1",
        "preact": "^10.11.2"
      }
    },
    "node_modules/@isaacs/cliui": {
      "version": "8.0.2",
      "resolved": "https://jfrog-pkg-proxy.it.att.com/artifactory/api/npm/att-npm-proxy-group/@isaacs/cliui/-/cliui-8.0.2.tgz",
      "integrity": "sha512-O8jcjabXaleOG9DQ0+ARXWZBTfnP4WNAqzuiJK7ll44AmxGKv/J2M4TPjxjY3znBCfvBXFzucm1twdyFybFqEA==",
      "license": "ISC",
      "dependencies": {
        "string-width": "^5.1.2",
        "string-width-cjs": "npm:string-width@^4.2.0",
        "strip-ansi": "^7.0.1",
        "strip-ansi-cjs": "npm:strip-ansi@^6.0.1",
        "wrap-ansi": "^8.1.0",
        "wrap-ansi-cjs": "npm:wrap-ansi@^7.0.0"
      },
      "engines": {
        "node": ">=12"
      }
    },
    "node_modules/@pkgjs/parseargs": {
      "version": "0.11.0",
      "resolved": "https://jfrog-pkg-proxy.it.att.com/artifactory/api/npm/att-npm-proxy-group/@pkgjs/parseargs/-/parseargs-0.11.0.tgz",
      "integrity": "sha512-+1VkjdD0QBLPodGrJUeqarH8VAIvQODIbwh9XpP5Syisf7YoQgsJKPNFoqqLQlu+VQ/tVSshMR6loPMn8U+dPg==",
      "license": "MIT",
      "optional": true,
      "engines": {
        "node": ">=14"
      }
    },
    "node_modules/ansi-regex": {
      "version": "6.2.2",
      "resolved": "https://jfrog-pkg-proxy.it.att.com/artifactory/api/npm/att-npm-proxy-group/ansi-regex/-/ansi-regex-6.2.2.tgz",
      "integrity": "sha512-Bq3SmSpyFHaWjPk8If9yc6svM8c56dB5BAtW4Qbw5jHTwwXXcTLoRMkpDJp6VL0XzlWaCHTXrkFURMYmD0sLqg==",
      "license": "MIT",
      "engines": {
        "node": ">=12"
      },
      "funding": {
        "url": "https://github.com/chalk/ansi-regex?sponsor=1"
      }
    },
    "node_modules/ansi-styles": {
      "version": "6.2.3",
      "resolved": "https://jfrog-pkg-proxy.it.att.com/artifactory/api/npm/att-npm-proxy-group/ansi-styles/-/ansi-styles-6.2.3.tgz",
      "integrity": "sha512-4Dj6M28JB+oAH8kFkTLUo+a2jwOFkuqb3yucU0CANcRRUbxS0cP0nZYCGjcc3BNXwRIsUVmDGgzawme7zvJHvg==",
      "license": "MIT",
      "engines": {
        "node": ">=12"
      },
      "funding": {
        "url": "https://github.com/chalk/ansi-styles?sponsor=1"
      }
    },
    "node_modules/balanced-match": {
      "version": "1.0.2",
      "resolved": "https://jfrog-pkg-proxy.it.att.com/artifactory/api/npm/att-npm-proxy-group/balanced-match/-/balanced-match-1.0.2.tgz",
      "integrity": "sha512-3oSeUO0TMV67hN1AmbXsK4yaqU7tjiHlbxRDZOpH0KW9+CeX4bRAaX0Anxt0tx2MrpRpWwQaPwIlISEJhYU5Pw==",
      "license": "MIT"
    },
    "node_modules/bpmn-auto-layout": {
      "version": "0.5.0",
      "resolved": "https://jfrog-pkg-proxy.it.att.com/artifactory/api/npm/att-npm-proxy-group/bpmn-auto-layout/-/bpmn-auto-layout-0.5.0.tgz",
      "integrity": "sha512-PXKeKuu7+0QY+we7wbW1oMcOj24lSS8KEm3p5WJmH4k2b6H3iaX0TvP5ChF1evn0R6zN8cCPg/04yVrG5jcyow==",
      "license": "MIT",
      "dependencies": {
        "bpmn-moddle": "^9.0.0",
        "min-dash": "^4.1.1"
      },
      "engines": {
        "node": ">= 18"
      }
    },
    "node_modules/bpmn-auto-layout/node_modules/bpmn-moddle": {
      "version": "9.0.4",
      "resolved": "https://jfrog-pkg-proxy.it.att.com/artifactory/api/npm/att-npm-proxy-group/bpmn-moddle/-/bpmn-moddle-9.0.4.tgz",
      "integrity": "sha512-dr5s3vtOG8NkVSwa8CC55XBIKKwajomSZRb0RiMOOOF6TpqZBZvtbDjpzWICvdd/plDF6uOtaRfSgblPQLAioQ==",
      "license": "MIT",
      "dependencies": {
        "min-dash": "^4.2.1",
        "moddle": "^7.0.0",
        "moddle-xml": "^11.0.0"
      },
      "engines": {
        "node": ">= 18"
      }
    },
    "node_modules/bpmn-auto-layout/node_modules/moddle": {
      "version": "7.2.0",
      "resolved": "https://jfrog-pkg-proxy.it.att.com/artifactory/api/npm/att-npm-proxy-group/moddle/-/moddle-7.2.0.tgz",
      "integrity": "sha512-x1+JREThy7JBOBR3g2hbOnOfrlC/YAWXX9RzrSZS5HhqeuBly9H/PCtOBtcQs+Y2sjRAXF+WTNSgHvn8Uq+6Yw==",
      "license": "MIT",
      "dependencies": {
        "min-dash": "^4.2.1"
      }
    },
    "node_modules/bpmn-auto-layout/node_modules/moddle-xml": {
      "version": "11.0.0",
      "resolved": "https://jfrog-pkg-proxy.it.att.com/artifactory/api/npm/att-npm-proxy-group/moddle-xml/-/moddle-xml-11.0.0.tgz",
      "integrity": "sha512-L3Sseepfcq9Uy0iIfqEDTXSoYLva1Y/JGbN/4AMOeQ6cqbu8Ma/SDJIdOFm7smsAa64j2z3SwCGG3FIilQVnUg==",
      "license": "MIT",
      "dependencies": {
        "min-dash": "^4.0.0",
        "saxen": "^10.0.0"
      },
      "engines": {
        "node": ">= 18"
      },
      "peerDependencies": {
        "moddle": ">= 6.2.0"
      }
    },
    "node_modules/bpmn-auto-layout/node_modules/saxen": {
      "version": "10.0.0",
      "resolved": "https://jfrog-pkg-proxy.it.att.com/artifactory/api/npm/att-npm-proxy-group/saxen/-/saxen-10.0.0.tgz",
      "integrity": "sha512-RXsmWok/SAWqOG/f5ADEz51DN9WtZEzqih3e08ranldcaXekxjx8NBKjGh/y5hlowjo0JH/LekBu6gtPFD1G6g==",
      "license": "MIT",
      "engines": {
        "node": ">= 18"
      }
    },
    "node_modules/bpmn-js": {
      "version": "17.11.1",
      "resolved": "https://jfrog-pkg-proxy.it.att.com/artifactory/api/npm/att-npm-proxy-group/bpmn-js/-/bpmn-js-17.11.1.tgz",
      "integrity": "sha512-ywCeTg5kvN8lYkU+fHE+YXTGlfKc55lRBn7zW3k1//toeMNPy/PS/uQiujRWdFhMrH5dbtDvlwWukNw2pjWw8Q==",
      "license": "SEE LICENSE IN LICENSE",
      "dependencies": {
        "bpmn-moddle": "^8.1.0",
        "diagram-js": "^14.10.0",
        "diagram-js-direct-editing": "^3.0.1",
        "ids": "^1.0.5",
        "inherits-browser": "^0.1.0",
        "min-dash": "^4.1.1",
        "min-dom": "^4.2.1",
        "tiny-svg": "^3.1.2"
      },
      "engines": {
        "node": "*"
      }
    },
    "node_modules/bpmn-moddle": {
      "version": "8.1.0",
      "resolved": "https://jfrog-pkg-proxy.it.att.com/artifactory/api/npm/att-npm-proxy-group/bpmn-moddle/-/bpmn-moddle-8.1.0.tgz",
      "integrity": "sha512-yI5OAFfYVJwViKTsTsonVfCBPtB3MlefADUORwNIxxBOMp21vnoxuxsdgUWlPH/dvAEZh/+mr8UtqOBNu8NC5Q==",
      "license": "MIT",
      "dependencies": {
        "min-dash": "^4.0.0",
        "moddle": "^6.2.3",
        "moddle-xml": "^10.1.0"
      }
    },
    "node_modules/brace-expansion": {
      "version": "2.0.2",
      "resolved": "https://jfrog-pkg-proxy.it.att.com/artifactory/api/npm/att-npm-proxy-group/brace-expansion/-/brace-expansion-2.0.2.tgz",
      "integrity": "sha512-Jt0vHyM+jmUBqojB7E1NIYadt0vI0Qxjxd2TErW94wDz+E2LAm5vKMXXwg6ZZBTHPuUlDgQHKXvjGBdfcF1ZDQ==",
      "license": "MIT",
      "dependencies": {
        "balanced-match": "^1.0.0"
      }
    },
    "node_modules/clsx": {
      "version": "2.1.1",
      "resolved": "https://jfrog-pkg-proxy.it.att.com/artifactory/api/npm/att-npm-proxy-group/clsx/-/clsx-2.1.1.tgz",
      "integrity": "sha512-eYm0QWBtUrBWZWG0d386OGAw16Z995PiOVo2B7bjWSbHedGl5e0ZWaq65kOGgUSNesEIDkB9ISbTg/JK9dhCZA==",
      "license": "MIT",
      "engines": {
        "node": ">=6"
      }
    },
    "node_modules/color-convert": {
      "version": "2.0.1",
      "resolved": "https://jfrog-pkg-proxy.it.att.com/artifactory/api/npm/att-npm-proxy-group/color-convert/-/color-convert-2.0.1.tgz",
      "integrity": "sha512-RRECPsj7iu/xb5oKYcsFHSppFNnsj/52OVTRKb4zP5onXwVF3zVmmToNcOfGC+CRDpfK/U584fMg38ZHCaElKQ==",
      "license": "MIT",
      "dependencies": {
        "color-name": "~1.1.4"
      },
      "engines": {
        "node": ">=7.0.0"
      }
    },
    "node_modules/color-name": {
      "version": "1.1.4",
      "resolved": "https://jfrog-pkg-proxy.it.att.com/artifactory/api/npm/att-npm-proxy-group/color-name/-/color-name-1.1.4.tgz",
      "integrity": "sha512-dOy+3AuW3a2wNbZHIuMZpTcgjGuLU/uBL/ubcZF9OXbDo8ff4O8yVp5Bf0efS8uEoYo5q4Fx7dY9OgQGXgAsQA==",
      "license": "MIT"
    },
    "node_modules/component-event": {
      "version": "0.2.1",
      "resolved": "https://jfrog-pkg-proxy.it.att.com/artifactory/api/npm/att-npm-proxy-group/component-event/-/component-event-0.2.1.tgz",
      "integrity": "sha512-wGA++isMqiDq1jPYeyv2as/Bt/u+3iLW0rEa+8NQ82jAv3TgqMiCM+B2SaBdn2DfLilLjjq736YcezihRYhfxw==",
      "license": "MIT"
    },
    "node_modules/cross-spawn": {
      "version": "7.0.6",
      "resolved": "https://jfrog-pkg-proxy.it.att.com/artifactory/api/npm/att-npm-proxy-group/cross-spawn/-/cross-spawn-7.0.6.tgz",
      "integrity": "sha512-uV2QOWP2nWzsy2aMp8aRibhi9dlzF5Hgh5SHaB9OiTGEyDTiJJyx0uy51QXdyWbtAHNua4XJzUKca3OzKUd3vA==",
      "license": "MIT",
      "dependencies": {
        "path-key": "^3.1.0",
        "shebang-command": "^2.0.0",
        "which": "^2.0.1"
      },
      "engines": {
        "node": ">= 8"
      }
    },
    "node_modules/diagram-js": {
      "version": "14.11.3",
      "resolved": "https://jfrog-pkg-proxy.it.att.com/artifactory/api/npm/att-npm-proxy-group/diagram-js/-/diagram-js-14.11.3.tgz",
      "integrity": "sha512-Seq9BHAXfzKS60L4v4Gvgvv72wOtvrfJQAyyPm9pntSZDMzjoodPSXnEUPud1G2zVCMGEUUW++s0reEdaWgkXA==",
      "license": "MIT",
      "dependencies": {
        "@bpmn-io/diagram-js-ui": "^0.2.3",
        "clsx": "^2.1.0",
        "didi": "^10.2.2",
        "inherits-browser": "^0.1.0",
        "min-dash": "^4.1.0",
        "min-dom": "^4.2.1",
        "object-refs": "^0.4.0",
        "path-intersection": "^3.0.0",
        "tiny-svg": "^3.1.2"
      },
      "engines": {
        "node": "*"
      }
    },
    "node_modules/diagram-js-direct-editing": {
      "version": "3.3.0",
      "resolved": "https://jfrog-pkg-proxy.it.att.com/artifactory/api/npm/att-npm-proxy-group/diagram-js-direct-editing/-/diagram-js-direct-editing-3.3.0.tgz",
      "integrity": "sha512-EjXYb35J3qBU8lLz5U81hn7wNykVmF7U5DXZ7BvPok2IX7rmPz+ZyaI5AEMiqaC6lpSnHqPxFcPgKEiJcAiv5w==",
      "license": "MIT",
      "dependencies": {
        "min-dash": "^5.0.0",
        "min-dom": "^5.2.0"
      },
      "engines": {
        "node": "*"
      },
      "peerDependencies": {
        "diagram-js": "*"
      }
    },
    "node_modules/diagram-js-direct-editing/node_modules/domify": {
      "version": "2.0.0",
      "resolved": "https://jfrog-pkg-proxy.it.att.com/artifactory/api/npm/att-npm-proxy-group/domify/-/domify-2.0.0.tgz",
      "integrity": "sha512-rmvrrmWQPD/X1A/nPBfIVg4r05792QdG9Z4Prk6oQG0F9zBMDkr0GKAdds1wjb2dq1rTz/ywc4ZxpZbgz0tttg==",
      "license": "MIT",
      "engines": {
        "node": ">=18"
      },
      "funding": {
        "url": "https://github.com/sponsors/sindresorhus"
      }
    },
    "node_modules/diagram-js-direct-editing/node_modules/min-dash": {
      "version": "5.0.0",
      "resolved": "https://jfrog-pkg-proxy.it.att.com/artifactory/api/npm/att-npm-proxy-group/min-dash/-/min-dash-5.0.0.tgz",
      "integrity": "sha512-EGuoBnVL7/Fnv2sqakpX5WGmZehZ3YMmLayT7sM8E9DRU74kkeyMg4Rik1lsOkR2GbFNeBca4/L+UfU6gF0Edw==",
      "license": "MIT"
    },
    "node_modules/diagram-js-direct-editing/node_modules/min-dom": {
      "version": "5.2.0",
      "resolved": "https://jfrog-pkg-proxy.it.att.com/artifactory/api/npm/att-npm-proxy-group/min-dom/-/min-dom-5.2.0.tgz",
      "integrity": "sha512-shfMH1tFbZCVSx3ECaQV1aGu8fYmGnXEWuItudWRd31DpVJzmVKXFH/Aqgf7YjOmZRgRH5BJafk16oeSbohJDg==",
      "license": "MIT",
      "dependencies": {
        "domify": "^2.0.0",
        "min-dash": "^5.0.0"
      }
    },
    "node_modules/didi": {
      "version": "10.2.2",
      "resolved": "https://jfrog-pkg-proxy.it.att.com/artifactory/api/npm/att-npm-proxy-group/didi/-/didi-10.2.2.tgz",
      "integrity": "sha512-l8NYkYFXV1izHI65EyT8EXOjUZtKmQkHLTT89cSP7HU5J/G7AOj0dXKtLc04EXYlga99PBY18IPjOeZ+c3DI4w==",
      "license": "MIT",
      "engines": {
        "node": ">= 16"
      }
    },
    "node_modules/domify": {
      "version": "1.4.2",
      "resolved": "https://jfrog-pkg-proxy.it.att.com/artifactory/api/npm/att-npm-proxy-group/domify/-/domify-1.4.2.tgz",
      "integrity": "sha512-m4yreHcUWHBncGVV7U+yQzc12vIlq0jMrtHZ5mW6dQMiL/7skSYNVX9wqKwOtyO9SGCgevrAFEgOCAHmamHTUA==",
      "license": "MIT",
      "funding": {
        "url": "https://github.com/sponsors/sindresorhus"
      }
    },
    "node_modules/eastasianwidth": {
      "version": "0.2.0",
      "resolved": "https://jfrog-pkg-proxy.it.att.com/artifactory/api/npm/att-npm-proxy-group/eastasianwidth/-/eastasianwidth-0.2.0.tgz",
      "integrity": "sha512-I88TYZWc9XiYHRQ4/3c5rjjfgkjhLyW2luGIheGERbNQ6OY7yTybanSpDXZa8y7VUP9YmDcYa+eyq4ca7iLqWA==",
      "license": "MIT"
    },
    "node_modules/emoji-regex": {
      "version": "9.2.2",
      "resolved": "https://jfrog-pkg-proxy.it.att.com/artifactory/api/npm/att-npm-proxy-group/emoji-regex/-/emoji-regex-9.2.2.tgz",
      "integrity": "sha512-L18DaJsXSUk2+42pv8mLs5jJT2hqFkFE4j21wOmgbUqsZ2hL72NsUU785g9RXgo3s0ZNgVl42TiHp3ZtOv/Vyg==",
      "license": "MIT"
    },
    "node_modules/foreground-child": {
      "version": "3.3.1",
      "resolved": "https://jfrog-pkg-proxy.it.att.com/artifactory/api/npm/att-npm-proxy-group/foreground-child/-/foreground-child-3.3.1.tgz",
      "integrity": "sha512-gIXjKqtFuWEgzFRJA9WCQeSJLZDjgJUOMCMzxtvFq/37KojM1BFGufqsCy0r4qSQmYLsZYMeyRqzIWOMup03sw==",
      "license": "ISC",
      "dependencies": {
        "cross-spawn": "^7.0.6",
        "signal-exit": "^4.0.1"
      },
      "engines": {
        "node": ">=14"
      },
      "funding": {
        "url": "https://github.com/sponsors/isaacs"
      }
    },
    "node_modules/fs-extra": {
      "version": "11.3.3",
      "resolved": "https://jfrog-pkg-proxy.it.att.com/artifactory/api/npm/att-npm-proxy-group/fs-extra/-/fs-extra-11.3.3.tgz",
      "integrity": "sha512-VWSRii4t0AFm6ixFFmLLx1t7wS1gh+ckoa84aOeapGum0h+EZd1EhEumSB+ZdDLnEPuucsVB9oB7cxJHap6Afg==",
      "license": "MIT",
      "dependencies": {
        "graceful-fs": "^4.2.0",
        "jsonfile": "^6.0.1",
        "universalify": "^2.0.0"
      },
      "engines": {
        "node": ">=14.14"
      }
    },
    "node_modules/glob": {
      "version": "10.5.0",
      "resolved": "https://jfrog-pkg-proxy.it.att.com/artifactory/api/npm/att-npm-proxy-group/glob/-/glob-10.5.0.tgz",
      "integrity": "sha512-DfXN8DfhJ7NH3Oe7cFmu3NCu1wKbkReJ8TorzSAFbSKrlNaQSKfIzqYqVY8zlbs2NLBbWpRiU52GX2PbaBVNkg==",
      "deprecated": "Old versions of glob are not supported, and contain widely publicized security vulnerabilities, which have been fixed in the current version. Please update. Support for old versions may be purchased (at exorbitant rates) by contacting i@izs.me",
      "license": "ISC",
      "dependencies": {
        "foreground-child": "^3.1.0",
        "jackspeak": "^3.1.2",
        "minimatch": "^9.0.4",
        "minipass": "^7.1.2",
        "package-json-from-dist": "^1.0.0",
        "path-scurry": "^1.11.1"
      },
      "bin": {
        "glob": "dist/esm/bin.mjs"
      },
      "funding": {
        "url": "https://github.com/sponsors/isaacs"
      }
    },
    "node_modules/graceful-fs": {
      "version": "4.2.11",
      "resolved": "https://jfrog-pkg-proxy.it.att.com/artifactory/api/npm/att-npm-proxy-group/graceful-fs/-/graceful-fs-4.2.11.tgz",
      "integrity": "sha512-RbJ5/jmFcNNCcDV5o9eTnBLJ/HszWV0P73bc+Ff4nS/rJj+YaS6IGyiOL0VoBYX+l1Wrl3k63h/KrH+nhJ0XvQ==",
      "license": "ISC"
    },
    "node_modules/htm": {
      "version": "3.1.1",
      "resolved": "https://jfrog-pkg-proxy.it.att.com/artifactory/api/npm/att-npm-proxy-group/htm/-/htm-3.1.1.tgz",
      "integrity": "sha512-983Vyg8NwUE7JkZ6NmOqpCZ+sh1bKv2iYTlUkzlWmA5JD2acKoxd4KVxbMmxX/85mtfdnDmTFoNKcg5DGAvxNQ==",
      "license": "Apache-2.0"
    },
    "node_modules/ids": {
      "version": "1.0.5",
      "resolved": "https://jfrog-pkg-proxy.it.att.com/artifactory/api/npm/att-npm-proxy-group/ids/-/ids-1.0.5.tgz",
      "integrity": "sha512-XQ0yom/4KWTL29sLG+tyuycy7UmeaM/79GRtSJq6IG9cJGIPeBz5kwDCguie3TwxaMNIc3WtPi0cTa1XYHicpw==",
      "license": "MIT"
    },
    "node_modules/inherits-browser": {
      "version": "0.1.0",
      "resolved": "https://jfrog-pkg-proxy.it.att.com/artifactory/api/npm/att-npm-proxy-group/inherits-browser/-/inherits-browser-0.1.0.tgz",
      "integrity": "sha512-CJHHvW3jQ6q7lzsXPpapLdMx5hDpSF3FSh45pwsj6bKxJJ8Nl8v43i5yXnr3BdfOimGHKyniewQtnAIp3vyJJw==",
      "license": "ISC"
    },
    "node_modules/is-fullwidth-code-point": {
      "version": "3.0.0",
      "resolved": "https://jfrog-pkg-proxy.it.att.com/artifactory/api/npm/att-npm-proxy-group/is-fullwidth-code-point/-/is-fullwidth-code-point-3.0.0.tgz",
      "integrity": "sha512-zymm5+u+sCsSWyD9qNaejV3DFvhCKclKdizYaJUuHA83RLjb7nSuGnddCHGv0hk+KY7BMAlsWeK4Ueg6EV6XQg==",
      "license": "MIT",
      "engines": {
        "node": ">=8"
      }
    },
    "node_modules/isexe": {
      "version": "2.0.0",
      "resolved": "https://jfrog-pkg-proxy.it.att.com/artifactory/api/npm/att-npm-proxy-group/isexe/-/isexe-2.0.0.tgz",
      "integrity": "sha512-RHxMLp9lnKHGHRng9QFhRCMbYAcVpn69smSGcq3f36xjgVVWThj4qqLbTLlq7Ssj8B+fIQ1EuCEGI2lKsyQeIw==",
      "license": "ISC"
    },
    "node_modules/jackspeak": {
      "version": "3.4.3",
      "resolved": "https://jfrog-pkg-proxy.it.att.com/artifactory/api/npm/att-npm-proxy-group/jackspeak/-/jackspeak-3.4.3.tgz",
      "integrity": "sha512-OGlZQpz2yfahA/Rd1Y8Cd9SIEsqvXkLVoSw/cgwhnhFMDbsQFeZYoJJ7bIZBS9BcamUW96asq/npPWugM+RQBw==",
      "license": "BlueOak-1.0.0",
      "dependencies": {
        "@isaacs/cliui": "^8.0.2"
      },
      "funding": {
        "url": "https://github.com/sponsors/isaacs"
      },
      "optionalDependencies": {
        "@pkgjs/parseargs": "^0.11.0"
      }
    },
    "node_modules/jsonfile": {
      "version": "6.2.0",
      "resolved": "https://jfrog-pkg-proxy.it.att.com/artifactory/api/npm/att-npm-proxy-group/jsonfile/-/jsonfile-6.2.0.tgz",
      "integrity": "sha512-FGuPw30AdOIUTRMC2OMRtQV+jkVj2cfPqSeWXv1NEAJ1qZ5zb1X6z1mFhbfOB/iy3ssJCD+3KuZ8r8C3uVFlAg==",
      "license": "MIT",
      "dependencies": {
        "universalify": "^2.0.0"
      },
      "optionalDependencies": {
        "graceful-fs": "^4.1.6"
      }
    },
    "node_modules/lru-cache": {
      "version": "10.4.3",
      "resolved": "https://jfrog-pkg-proxy.it.att.com/artifactory/api/npm/att-npm-proxy-group/lru-cache/-/lru-cache-10.4.3.tgz",
      "integrity": "sha512-JNAzZcXrCt42VGLuYz0zfAzDfAvJWW6AfYlDBQyDV5DClI2m5sAmK+OIO7s59XfsRsWHp02jAJrRadPRGTt6SQ==",
      "license": "ISC"
    },
    "node_modules/min-dash": {
      "version": "4.2.3",
      "resolved": "https://jfrog-pkg-proxy.it.att.com/artifactory/api/npm/att-npm-proxy-group/min-dash/-/min-dash-4.2.3.tgz",
      "integrity": "sha512-VLMYQI5+FcD9Ad24VcB08uA83B07OhueAlZ88jBK6PyupTvEJwllTMUqMy0wPGYs7pZUEtEEMWdHB63m3LtEcg==",
      "license": "MIT"
    },
    "node_modules/min-dom": {
      "version": "4.2.1",
      "resolved": "https://jfrog-pkg-proxy.it.att.com/artifactory/api/npm/att-npm-proxy-group/min-dom/-/min-dom-4.2.1.tgz",
      "integrity": "sha512-TMoL8SEEIhUWYgkj7XMSgxmwSyGI+4fP2KFFGnN3FbHfbGHVdsLYSz8LoIsgPhz4dWRmLvxWWSMgzZMJW5sZuA==",
      "license": "MIT",
      "dependencies": {
        "component-event": "^0.2.1",
        "domify": "^1.4.1",
        "min-dash": "^4.2.1"
      }
    },
    "node_modules/minimatch": {
      "version": "9.0.5",
      "resolved": "https://jfrog-pkg-proxy.it.att.com/artifactory/api/npm/att-npm-proxy-group/minimatch/-/minimatch-9.0.5.tgz",
      "integrity": "sha512-G6T0ZX48xgozx7587koeX9Ys2NYy6Gmv//P89sEte9V9whIapMNF4idKxnW2QtCcLiTWlb/wfCabAtAFWhhBow==",
      "license": "ISC",
      "dependencies": {
        "brace-expansion": "^2.0.1"
      },
      "engines": {
        "node": ">=16 || 14 >=14.17"
      },
      "funding": {
        "url": "https://github.com/sponsors/isaacs"
      }
    },
    "node_modules/minipass": {
      "version": "7.1.2",
      "resolved": "https://jfrog-pkg-proxy.it.att.com/artifactory/api/npm/att-npm-proxy-group/minipass/-/minipass-7.1.2.tgz",
      "integrity": "sha512-qOOzS1cBTWYF4BH8fVePDBOO9iptMnGUEZwNc/cMWnTV2nVLZ7VoNWEPHkYczZA0pdoA7dl6e7FL659nX9S2aw==",
      "license": "ISC",
      "engines": {
        "node": ">=16 || 14 >=14.17"
      }
    },
    "node_modules/moddle": {
      "version": "6.2.3",
      "resolved": "https://jfrog-pkg-proxy.it.att.com/artifactory/api/npm/att-npm-proxy-group/moddle/-/moddle-6.2.3.tgz",
      "integrity": "sha512-bLVN+ZHL3aKnhxc19XtjUfvdJsS3EsiEJC7bT6YPD11qYmTzvsxrGgyYz1Ouof7TZuGw0lDJ1OLmEnxcpQWk3Q==",
      "license": "MIT",
      "dependencies": {
        "min-dash": "^4.0.0"
      }
    },
    "node_modules/moddle-xml": {
      "version": "10.1.0",
      "resolved": "https://jfrog-pkg-proxy.it.att.com/artifactory/api/npm/att-npm-proxy-group/moddle-xml/-/moddle-xml-10.1.0.tgz",
      "integrity": "sha512-erWckwLt+dYskewKXJso9u+aAZ5172lOiYxSOqKCPTy7L/xmqH1PoeoA7eVC7oJTt3PqF5TkZzUmbjGH6soQBg==",
      "license": "MIT",
      "dependencies": {
        "min-dash": "^4.0.0",
        "moddle": "^6.0.0",
        "saxen": "^8.1.2"
      }
    },
    "node_modules/object-refs": {
      "version": "0.4.0",
      "resolved": "https://jfrog-pkg-proxy.it.att.com/artifactory/api/npm/att-npm-proxy-group/object-refs/-/object-refs-0.4.0.tgz",
      "integrity": "sha512-6kJqKWryKZmtte6QYvouas0/EIJKPI1/MMIuRsiBlNuhIMfqYTggzX2F1AJ2+cDs288xyi9GL7FyasHINR98BQ==",
      "license": "MIT",
      "engines": {
        "node": "*"
      }
    },
    "node_modules/package-json-from-dist": {
      "version": "1.0.1",
      "resolved": "https://jfrog-pkg-proxy.it.att.com/artifactory/api/npm/att-npm-proxy-group/package-json-from-dist/-/package-json-from-dist-1.0.1.tgz",
      "integrity": "sha512-UEZIS3/by4OC8vL3P2dTXRETpebLI2NiI5vIrjaD/5UtrkFX/tNbwjTSRAGC/+7CAo2pIcBaRgWmcBBHcsaCIw==",
      "license": "BlueOak-1.0.0"
    },
    "node_modules/path-intersection": {
      "version": "3.1.0",
      "resolved": "https://jfrog-pkg-proxy.it.att.com/artifactory/api/npm/att-npm-proxy-group/path-intersection/-/path-intersection-3.1.0.tgz",
      "integrity": "sha512-3xS3lvv/vuwm5aH2BVvNRvnvwR2Drde7jQClKpCXTYXIMMjcw/EnMhzCgeHwqbCpzi760PEfAkU53vSIlrNr9A==",
      "license": "MIT",
      "engines": {
        "node": ">= 14.20"
      }
    },
    "node_modules/path-key": {
      "version": "3.1.1",
      "resolved": "https://jfrog-pkg-proxy.it.att.com/artifactory/api/npm/att-npm-proxy-group/path-key/-/path-key-3.1.1.tgz",
      "integrity": "sha512-ojmeN0qd+y0jszEtoY48r0Peq5dwMEkIlCOu6Q5f41lfkswXuKtYrhgoTpLnyIcHm24Uhqx+5Tqm2InSwLhE6Q==",
      "license": "MIT",
      "engines": {
        "node": ">=8"
      }
    },
    "node_modules/path-scurry": {
      "version": "1.11.1",
      "resolved": "https://jfrog-pkg-proxy.it.att.com/artifactory/api/npm/att-npm-proxy-group/path-scurry/-/path-scurry-1.11.1.tgz",
      "integrity": "sha512-Xa4Nw17FS9ApQFJ9umLiJS4orGjm7ZzwUrwamcGQuHSzDyth9boKDaycYdDcZDuqYATXw4HFXgaqWTctW/v1HA==",
      "license": "BlueOak-1.0.0",
      "dependencies": {
        "lru-cache": "^10.2.0",
        "minipass": "^5.0.0 || ^6.0.2 || ^7.0.0"
      },
      "engines": {
        "node": ">=16 || 14 >=14.18"
      },
      "funding": {
        "url": "https://github.com/sponsors/isaacs"
      }
    },
    "node_modules/preact": {
      "version": "10.28.3",
      "resolved": "https://jfrog-pkg-proxy.it.att.com/artifactory/api/npm/att-npm-proxy-group/preact/-/preact-10.28.3.tgz",
      "integrity": "sha512-tCmoRkPQLpBeWzpmbhryairGnhW9tKV6c6gr/w+RhoRoKEJwsjzipwp//1oCpGPOchvSLaAPlpcJi9MwMmoPyA==",
      "license": "MIT",
      "funding": {
        "type": "opencollective",
        "url": "https://opencollective.com/preact"
      }
    },
    "node_modules/saxen": {
      "version": "8.1.2",
      "resolved": "https://jfrog-pkg-proxy.it.att.com/artifactory/api/npm/att-npm-proxy-group/saxen/-/saxen-8.1.2.tgz",
      "integrity": "sha512-xUOiiFbc3Ow7p8KMxwsGICPx46ZQvy3+qfNVhrkwfz3Vvq45eGt98Ft5IQaA1R/7Tb5B5MKh9fUR9x3c3nDTxw==",
      "license": "MIT"
    },
    "node_modules/shebang-command": {
      "version": "2.0.0",
      "resolved": "https://jfrog-pkg-proxy.it.att.com/artifactory/api/npm/att-npm-proxy-group/shebang-command/-/shebang-command-2.0.0.tgz",
      "integrity": "sha512-kHxr2zZpYtdmrN1qDjrrX/Z1rR1kG8Dx+gkpK1G4eXmvXswmcE1hTWBWYUzlraYw1/yZp6YuDY77YtvbN0dmDA==",
      "license": "MIT",
      "dependencies": {
        "shebang-regex": "^3.0.0"
      },
      "engines": {
        "node": ">=8"
      }
    },
    "node_modules/shebang-regex": {
      "version": "3.0.0",
      "resolved": "https://jfrog-pkg-proxy.it.att.com/artifactory/api/npm/att-npm-proxy-group/shebang-regex/-/shebang-regex-3.0.0.tgz",
      "integrity": "sha512-7++dFhtcx3353uBaq8DDR4NuxBetBzC7ZQOhmTQInHEd6bSrXdiEyzCvG07Z44UYdLShWUyXt5M/yhz8ekcb1A==",
      "license": "MIT",
      "engines": {
        "node": ">=8"
      }
    },
    "node_modules/signal-exit": {
      "version": "4.1.0",
      "resolved": "https://jfrog-pkg-proxy.it.att.com/artifactory/api/npm/att-npm-proxy-group/signal-exit/-/signal-exit-4.1.0.tgz",
      "integrity": "sha512-bzyZ1e88w9O1iNJbKnOlvYTrWPDl46O1bG0D3XInv+9tkPrxrN8jUUTiFlDkkmKWgn1M6CfIA13SuGqOa9Korw==",
      "license": "ISC",
      "engines": {
        "node": ">=14"
      },
      "funding": {
        "url": "https://github.com/sponsors/isaacs"
      }
    },
    "node_modules/string-width": {
      "version": "5.1.2",
      "resolved": "https://jfrog-pkg-proxy.it.att.com/artifactory/api/npm/att-npm-proxy-group/string-width/-/string-width-5.1.2.tgz",
      "integrity": "sha512-HnLOCR3vjcY8beoNLtcjZ5/nxn2afmME6lhrDrebokqMap+XbeW8n9TXpPDOqdGK5qcI3oT0GKTW6wC7EMiVqA==",
      "license": "MIT",
      "dependencies": {
        "eastasianwidth": "^0.2.0",
        "emoji-regex": "^9.2.2",
        "strip-ansi": "^7.0.1"
      },
      "engines": {
        "node": ">=12"
      },
      "funding": {
        "url": "https://github.com/sponsors/sindresorhus"
      }
    },
    "node_modules/string-width-cjs": {
      "name": "string-width",
      "version": "4.2.3",
      "resolved": "https://jfrog-pkg-proxy.it.att.com/artifactory/api/npm/att-npm-proxy-group/string-width/-/string-width-4.2.3.tgz",
      "integrity": "sha512-wKyQRQpjJ0sIp62ErSZdGsjMJWsap5oRNihHhu6G7JVO/9jIB6UyevL+tXuOqrng8j/cxKTWyWUwvSTriiZz/g==",
      "license": "MIT",
      "dependencies": {
        "emoji-regex": "^8.0.0",
        "is-fullwidth-code-point": "^3.0.0",
        "strip-ansi": "^6.0.1"
      },
      "engines": {
        "node": ">=8"
      }
    },
    "node_modules/string-width-cjs/node_modules/ansi-regex": {
      "version": "5.0.1",
      "resolved": "https://jfrog-pkg-proxy.it.att.com/artifactory/api/npm/att-npm-proxy-group/ansi-regex/-/ansi-regex-5.0.1.tgz",
      "integrity": "sha512-quJQXlTSUGL2LH9SUXo8VwsY4soanhgo6LNSm84E1LBcE8s3O0wpdiRzyR9z/ZZJMlMWv37qOOb9pdJlMUEKFQ==",
      "license": "MIT",
      "engines": {
        "node": ">=8"
      }
    },
    "node_modules/string-width-cjs/node_modules/emoji-regex": {
      "version": "8.0.0",
      "resolved": "https://jfrog-pkg-proxy.it.att.com/artifactory/api/npm/att-npm-proxy-group/emoji-regex/-/emoji-regex-8.0.0.tgz",
      "integrity": "sha512-MSjYzcWNOA0ewAHpz0MxpYFvwg6yjy1NG3xteoqz644VCo/RPgnr1/GGt+ic3iJTzQ8Eu3TdM14SawnVUmGE6A==",
      "license": "MIT"
    },
    "node_modules/string-width-cjs/node_modules/strip-ansi": {
      "version": "6.0.1",
      "resolved": "https://jfrog-pkg-proxy.it.att.com/artifactory/api/npm/att-npm-proxy-group/strip-ansi/-/strip-ansi-6.0.1.tgz",
      "integrity": "sha512-Y38VPSHcqkFrCpFnQ9vuSXmquuv5oXOKpGeT6aGrr3o3Gc9AlVa6JBfUSOCnbxGGZF+/0ooI7KrPuUSztUdU5A==",
      "license": "MIT",
      "dependencies": {
        "ansi-regex": "^5.0.1"
      },
      "engines": {
        "node": ">=8"
      }
    },
    "node_modules/strip-ansi": {
      "version": "7.1.2",
      "resolved": "https://jfrog-pkg-proxy.it.att.com/artifactory/api/npm/att-npm-proxy-group/strip-ansi/-/strip-ansi-7.1.2.tgz",
      "integrity": "sha512-gmBGslpoQJtgnMAvOVqGZpEz9dyoKTCzy2nfz/n8aIFhN/jCE/rCmcxabB6jOOHV+0WNnylOxaxBQPSvcWklhA==",
      "license": "MIT",
      "dependencies": {
        "ansi-regex": "^6.0.1"
      },
      "engines": {
        "node": ">=12"
      },
      "funding": {
        "url": "https://github.com/chalk/strip-ansi?sponsor=1"
      }
    },
    "node_modules/strip-ansi-cjs": {
      "name": "strip-ansi",
      "version": "6.0.1",
      "resolved": "https://jfrog-pkg-proxy.it.att.com/artifactory/api/npm/att-npm-proxy-group/strip-ansi/-/strip-ansi-6.0.1.tgz",
      "integrity": "sha512-Y38VPSHcqkFrCpFnQ9vuSXmquuv5oXOKpGeT6aGrr3o3Gc9AlVa6JBfUSOCnbxGGZF+/0ooI7KrPuUSztUdU5A==",
      "license": "MIT",
      "dependencies": {
        "ansi-regex": "^5.0.1"
      },
      "engines": {
        "node": ">=8"
      }
    },
    "node_modules/strip-ansi-cjs/node_modules/ansi-regex": {
      "version": "5.0.1",
      "resolved": "https://jfrog-pkg-proxy.it.att.com/artifactory/api/npm/att-npm-proxy-group/ansi-regex/-/ansi-regex-5.0.1.tgz",
      "integrity": "sha512-quJQXlTSUGL2LH9SUXo8VwsY4soanhgo6LNSm84E1LBcE8s3O0wpdiRzyR9z/ZZJMlMWv37qOOb9pdJlMUEKFQ==",
      "license": "MIT",
      "engines": {
        "node": ">=8"
      }
    },
    "node_modules/tiny-svg": {
      "version": "3.1.3",
      "resolved": "https://jfrog-pkg-proxy.it.att.com/artifactory/api/npm/att-npm-proxy-group/tiny-svg/-/tiny-svg-3.1.3.tgz",
      "integrity": "sha512-9mwnPqXInRsBmH/DO6NMxBE++9LsqpVXQSSTZGc5bomoKKvL5OX/Hlotw7XVXP6XLRcHWIzZpxfovGqWKgCypQ==",
      "license": "MIT"
    },
    "node_modules/universalify": {
      "version": "2.0.1",
      "resolved": "https://jfrog-pkg-proxy.it.att.com/artifactory/api/npm/att-npm-proxy-group/universalify/-/universalify-2.0.1.tgz",
      "integrity": "sha512-gptHNQghINnc/vTGIk0SOFGFNXw7JVrlRUtConJRlvaw6DuX0wO5Jeko9sWrMBhh+PsYAZ7oXAiOnf/UKogyiw==",
      "license": "MIT",
      "engines": {
        "node": ">= 10.0.0"
      }
    },
    "node_modules/which": {
      "version": "2.0.2",
      "resolved": "https://jfrog-pkg-proxy.it.att.com/artifactory/api/npm/att-npm-proxy-group/which/-/which-2.0.2.tgz",
      "integrity": "sha512-BLI3Tl1TW3Pvl70l3yq3Y64i+awpwXqsGBYWkkqMtnbXgrMD+yj7rhW0kuEDxzJaYXGjEW5ogapKNMEKNMjibA==",
      "license": "ISC",
      "dependencies": {
        "isexe": "^2.0.0"
      },
      "bin": {
        "node-which": "bin/node-which"
      },
      "engines": {
        "node": ">= 8"
      }
    },
    "node_modules/wrap-ansi": {
      "version": "8.1.0",
      "resolved": "https://jfrog-pkg-proxy.it.att.com/artifactory/api/npm/att-npm-proxy-group/wrap-ansi/-/wrap-ansi-8.1.0.tgz",
      "integrity": "sha512-si7QWI6zUMq56bESFvagtmzMdGOtoxfR+Sez11Mobfc7tm+VkUckk9bW2UeffTGVUbOksxmSw0AA2gs8g71NCQ==",
      "license": "MIT",
      "dependencies": {
        "ansi-styles": "^6.1.0",
        "string-width": "^5.0.1",
        "strip-ansi": "^7.0.1"
      },
      "engines": {
        "node": ">=12"
      },
      "funding": {
        "url": "https://github.com/chalk/wrap-ansi?sponsor=1"
      }
    },
    "node_modules/wrap-ansi-cjs": {
      "name": "wrap-ansi",
      "version": "7.0.0",
      "resolved": "https://jfrog-pkg-proxy.it.att.com/artifactory/api/npm/att-npm-proxy-group/wrap-ansi/-/wrap-ansi-7.0.0.tgz",
      "integrity": "sha512-YVGIj2kamLSTxw6NsZjoBxfSwsn0ycdesmc4p+Q21c5zPuZ1pl+NfxVdxPtdHvmNVOQ6XSYG4AUtyt/Fi7D16Q==",
      "license": "MIT",
      "dependencies": {
        "ansi-styles": "^4.0.0",
        "string-width": "^4.1.0",
        "strip-ansi": "^6.0.0"
      },
      "engines": {
        "node": ">=10"
      },
      "funding": {
        "url": "https://github.com/chalk/wrap-ansi?sponsor=1"
      }
    },
    "node_modules/wrap-ansi-cjs/node_modules/ansi-regex": {
      "version": "5.0.1",
      "resolved": "https://jfrog-pkg-proxy.it.att.com/artifactory/api/npm/att-npm-proxy-group/ansi-regex/-/ansi-regex-5.0.1.tgz",
      "integrity": "sha512-quJQXlTSUGL2LH9SUXo8VwsY4soanhgo6LNSm84E1LBcE8s3O0wpdiRzyR9z/ZZJMlMWv37qOOb9pdJlMUEKFQ==",
      "license": "MIT",
      "engines": {
        "node": ">=8"
      }
    },
    "node_modules/wrap-ansi-cjs/node_modules/ansi-styles": {
      "version": "4.3.0",
      "resolved": "https://jfrog-pkg-proxy.it.att.com/artifactory/api/npm/att-npm-proxy-group/ansi-styles/-/ansi-styles-4.3.0.tgz",
      "integrity": "sha512-zbB9rCJAT1rbjiVDb2hqKFHNYLxgtk8NURxZ3IZwD3F6NtxbXZQCnnSi1Lkx+IDohdPlFp222wVALIheZJQSEg==",
      "license": "MIT",
      "dependencies": {
        "color-convert": "^2.0.1"
      },
      "engines": {
        "node": ">=8"
      },
      "funding": {
        "url": "https://github.com/chalk/ansi-styles?sponsor=1"
      }
    },
    "node_modules/wrap-ansi-cjs/node_modules/emoji-regex": {
      "version": "8.0.0",
      "resolved": "https://jfrog-pkg-proxy.it.att.com/artifactory/api/npm/att-npm-proxy-group/emoji-regex/-/emoji-regex-8.0.0.tgz",
      "integrity": "sha512-MSjYzcWNOA0ewAHpz0MxpYFvwg6yjy1NG3xteoqz644VCo/RPgnr1/GGt+ic3iJTzQ8Eu3TdM14SawnVUmGE6A==",
      "license": "MIT"
    },
    "node_modules/wrap-ansi-cjs/node_modules/string-width": {
      "version": "4.2.3",
      "resolved": "https://jfrog-pkg-proxy.it.att.com/artifactory/api/npm/att-npm-proxy-group/string-width/-/string-width-4.2.3.tgz",
      "integrity": "sha512-wKyQRQpjJ0sIp62ErSZdGsjMJWsap5oRNihHhu6G7JVO/9jIB6UyevL+tXuOqrng8j/cxKTWyWUwvSTriiZz/g==",
      "license": "MIT",
      "dependencies": {
        "emoji-regex": "^8.0.0",
        "is-fullwidth-code-point": "^3.0.0",
        "strip-ansi": "^6.0.1"
      },
      "engines": {
        "node": ">=8"
      }
    },
    "node_modules/wrap-ansi-cjs/node_modules/strip-ansi": {
      "version": "6.0.1",
      "resolved": "https://jfrog-pkg-proxy.it.att.com/artifactory/api/npm/att-npm-proxy-group/strip-ansi/-/strip-ansi-6.0.1.tgz",
      "integrity": "sha512-Y38VPSHcqkFrCpFnQ9vuSXmquuv5oXOKpGeT6aGrr3o3Gc9AlVa6JBfUSOCnbxGGZF+/0ooI7KrPuUSztUdU5A==",
      "license": "MIT",
      "dependencies": {
        "ansi-regex": "^5.0.1"
      },
      "engines": {
        "node": ">=8"
      }
    }
  }
}
